
Microsoft Visual Studio Solution File, Format Version 12.00
# Visual Studio Version 17
Project("{8BC9CEB8-8B4A-11D0-8D11-00A0C91BC942}") = "SnowEngine", "SnowEngine\SnowEngine.vcxproj", "{C2C96574-AE81-A7C1-1789-801D036042B2}"
EndProject
Project("{8BC9CEB8-8B4A-11D0-8D11-00A0C91BC942}") = "SnowGame", "SnowGame\SnowGame.vcxproj", "{A6051034-92D2-6A3F-BBEB-58E7A717A0CD}"
EndProject
Global
	GlobalSection(SolutionConfigurationPlatforms) = preSolution
		Debug|x64 = Debug|x64
		Dist|x64 = Dist|x64
		Release|x64 = Release|x64
	EndGlobalSection
	GlobalSection(ProjectConfigurationPlatforms) = postSolution
		{C2C96574-AE81-A7C1-1789-801D036042B2}.Debug|x64.ActiveCfg = Debug|x64
		{C2C96574-AE81-A7C1-1789-801D036042B2}.Debug|x64.Build.0 = Debug|x64
		{C2C96574-AE81-A7C1-1789-801D036042B2}.Dist|x64.ActiveCfg = Dist|x64
		{C2C96574-AE81-A7C1-1789-801D036042B2}.Dist|x64.Build.0 = Dist|x64
		{C2C96574-AE81-A7C1-1789-801D036042B2}.Release|x64.ActiveCfg = Release|x64
		{C2C96574-AE81-A7C1-1789-801D036042B2}.Release|x64.Build.0 = Release|x64
		{A6051034-92D2-6A3F-BBEB-58E7A717A0CD}.Debug|x64.ActiveCfg = Debug|x64
		{A6051034-92D2-6A3F-BBEB-58E7A717A0CD}.Debug|x64.Build.0 = Debug|x64
		{A6051034-92D2-6A3F-BBEB-58E7A717A0CD}.Dist|x64.ActiveCfg = Dist|x64
		{A6051034-92D2-6A3F-BBEB-58E7A717A0CD}.Dist|x64.Build.0 = Dist|x64
		{A6051034-92D2-6A3F-BBEB-58E7A717A0CD}.Release|x64.ActiveCfg = Release|x64
		{A6051034-92D2-6A3F-BBEB-58E7A717A0CD}.Release|x64.Build.0 = Release|x64
	EndGlobalSection
	GlobalSection(SolutionProperties) = preSolution
		HideSolutionNode = FALSE
	EndGlobalSection
EndGlobal
