<?xml version="1.0" encoding="utf-8"?>
<Project ToolsVersion="4.0" xmlns="http://schemas.microsoft.com/developer/msbuild/2003">
  <ItemGroup>
    <Filter Include="SnowEngine">
      <UniqueIdentifier>{C2C96574-AE81-A7C1-1789-801D036042B2}</UniqueIdentifier>
    </Filter>
  </ItemGroup>
  <ItemGroup>
    <ClInclude Include="src\SnowEngine.h" />
    <ClInclude Include="src\SnowEngine\Application.h">
      <Filter>SnowEngine</Filter>
    </ClInclude>
    <ClInclude Include="src\SnowEngine\Core.h">
      <Filter>SnowEngine</Filter>
    </ClInclude>
    <ClInclude Include="src\SnowEngine\EntryPoint.h">
      <Filter>SnowEngine</Filter>
    </ClInclude>
    <ClInclude Include="src\SnowEngine\Log.h">
      <Filter>SnowEngine</Filter>
    </ClInclude>
  </ItemGroup>
  <ItemGroup>
    <ClCompile Include="src\SnowEngine\Application.cpp">
      <Filter>SnowEngine</Filter>
    </ClCompile>
    <ClCompile Include="src\SnowEngine\Log.cpp">
      <Filter>SnowEngine</Filter>
    </ClCompile>
  </ItemGroup>
</Project>